{
  "nodes": {
    "bun2nix": {
      "inputs": {
        "flake-parts": [
          "llm-agents",
          "flake-parts"
        ],
        "nixpkgs": [
          "llm-agents",
          "nixpkgs"
        ],
        "systems": [
          "llm-agents",
          "systems"
        ],
        "treefmt-nix": [
          "llm-agents",
          "treefmt-nix"
        ]
      },
      "locked": {
        "lastModified": 1790001035,
        "narHash": "sha256-1/SLBjSYBzDdDhvLQ83wrzBakyS/xNGgtxHGNuveOEQ=",
        "owner": "Mic92",
        "repo": "bun2nix",
        "rev": "07a5bfc8ac36c5370199343fa620b69f63186e33",
        "type": "github"
      },
      "original": {
        "owner": "Mic92",
        "ref": "llm-agents",
        "repo": "bun2nix",
        "type": "github"
      }
    },
    "den": {
      "locked": {
        "lastModified": 1790283496,
        "narHash": "sha256-QTPzBJpxfetqU3u29+tQev8SlAC6EaRvHks0+FHAclY=",
        "owner": "denful",
        "repo": "den",
        "rev": "37eb88ce28a9e42d5b367b967a9097030ff4f665",
        "type": "github"
      },
      "original": {
        "owner": "denful",
        "ref": "latest",
        "repo": "den",
        "type": "github"
      }
    },
    "disko": {
      "inputs": {
        "nixpkgs": [
          "nixpkgs"
        ]
      },
      "locked": {
        "lastModified": 1789770686,
        "narHash": "sha256-uZkBR7yHdIKUFB5SZdfgh1qkGfI3XmYmI/lTiquxbck=",
        "owner": "nix-community",
        "repo": "disko",
        "rev": "725ea35e410ad83be4931d1bff7e090eacaf3563",
        "type": "github"
      },
      "original": {
        "owner": "nix-community",
        "repo": "disko",
        "type": "github"
      }
    },
    "flake-file": {
      "locked": {
        "lastModified": 1791311177,
        "narHash": "sha256-5ShQ10Jlfmge8emgwENj/1/2OXl8hN6mre05ZwxSkE8=",
        "owner": "vic",
        "repo": "flake-file",
        "rev": "ef875de213a2f093ecb351c1e764797baa98e044",
        "type": "github"
      },
      "original": {
        "owner": "vic",
        "repo": "flake-file",
        "type": "github"
      }
    },
    "flake-parts": {
      "inputs": {
        "nixpkgs-lib": [
          "nixpkgs"
        ]
      },
      "locked": {
        "lastModified": 1790898470,
        "narHash": "sha256-zTwuwezD0w3hpga6a6P8emidzAZFyWqlNeRBlpWOOl8=",
        "owner": "hercules-ci",
        "repo": "flake-parts",
        "rev": "024633cd702b10285db5cb19b40ad48d2399ba60",
        "type": "github"
      },
      "original": {
        "owner": "hercules-ci",
        "repo": "flake-parts",
        "type": "github"
      }
    },
    "flake-parts_2": {
      "inputs": {
        "nixpkgs-lib": [
          "helium-browser",
          "nixpkgs"
        ]
      },
      "locked": {
        "lastModified": 1788450739,
        "narHash": "sha256-glZLQlzIn1fXH6PazR2iUmTo7kzzyYSshrWhLS9TqCU=",
        "owner": "hercules-ci",
        "repo": "flake-parts",
        "rev": "31729ca8cbdb4fa927b34e5f4353e6a83f39e993",
        "type": "github"
      },
      "original": {
        "owner": "hercules-ci",
        "repo": "flake-parts",
        "type": "github"
      }
    },
    "flake-parts_3": {
      "inputs": {
        "nixpkgs-lib": [
          "llm-agents",
          "nixpkgs"
        ]
      },
      "locked": {
        "lastModified": 1790898470,
        "narHash": "sha256-zTwuwezD0w3hpga6a6P8emidzAZFyWqlNeRBlpWOOl8=",
        "owner": "hercules-ci",
        "repo": "flake-parts",
        "rev": "024633cd702b10285db5cb19b40ad48d2399ba60",
        "type": "github"
      },
      "original": {
        "owner": "hercules-ci",
        "repo": "flake-parts",
        "type": "github"
      }
    },
    "helium-browser": {
      "inputs": {
        "flake-parts": "flake-parts_2",
        "nixpkgs": [
          "nixpkgs"
        ],
        "treefmt-nix": "treefmt-nix"
      },
      "locked": {
        "lastModified": 1791139444,
        "narHash": "sha256-CiilpWu1lI0McAZ7MUiuWycb3CiRJKLLt6pLTfn3F5c=",
        "owner": "ominit",
        "repo": "helium-browser-flake",
        "rev": "1182937db2d9ff9380c5ffa62efcdb562fdf9ca9",
        "type": "github"
      },
      "original": {
        "owner": "ominit",
        "repo": "helium-browser-flake",
        "type": "github"
      }
    },
    "hjem": {
      "inputs": {
        "nixpkgs": [
          "nixpkgs"
        ]
      },
      "locked": {
        "lastModified": 1791289048,
        "narHash": "sha256-JdmZVrzGDRRcOAwsYujnE7f/d1YZ9Xtk4z/1MWmQXxM=",
        "owner": "feel-co",
        "repo": "hjem",
        "rev": "2b155694ce412300f240de06735c93779f9e19a4",
        "type": "github"
      },
      "original": {
        "owner": "feel-co",
        "repo": "hjem",
        "type": "github"
      }
    },
    "hjem-impure": {
      "inputs": {
        "hjem": "hjem_2",
        "nixpkgs": "nixpkgs"
      },
      "locked": {
        "lastModified": 1786164166,
        "narHash": "sha256-2S8BRs/a9ElePH7o7LSTib4t/oQ0p9sn/qjAP6BmTK8=",
        "owner": "Rexcrazy804",
        "repo": "hjem-impure",
        "rev": "206320fa7d060232f19c4d2831e66471d8e5d161",
        "type": "github"
      },
      "original": {
        "owner": "Rexcrazy804",
        "repo": "hjem-impure",
        "type": "github"
      }
    },
    "hjem_2": {
      "inputs": {
        "nixpkgs": [
          "hjem-impure",
          "nixpkgs"
        ]
      },
      "locked": {
        "lastModified": 1785929776,
        "narHash": "sha256-qwppDYdtxqtDpI1iSp7bs8prOJ0KQSvhJchfROD04f0=",
        "owner": "feel-co",
        "repo": "hjem",
        "rev": "b610953d0c56da6b28fd39c21bd193b88e91341c",
        "type": "github"
      },
      "original": {
        "owner": "feel-co",
        "repo": "hjem",
        "type": "github"
      }
    },
    "import-tree": {
      "locked": {
        "lastModified": 1788467110,
        "narHash": "sha256-ljEMTXP/rH0tOvDzc9gzwww6KcHRPRnEHzd9lK48V7s=",
        "owner": "vic",
        "repo": "import-tree",
        "rev": "eb1b52eaecc57f7c136d07ae8a93e724dfecac46",
        "type": "github"
      },
      "original": {
        "owner": "vic",
        "repo": "import-tree",
        "type": "github"
      }
    },
    "llm-agents": {
      "inputs": {
        "bun2nix": "bun2nix",
        "flake-parts": "flake-parts_3",
        "nixpkgs": "nixpkgs_2",
        "systems": "systems",
        "treefmt-nix": "treefmt-nix_2"
      },
      "locked": {
        "lastModified": 1791309735,
        "narHash": "sha256-SA3T4TFtXjxPi3YlH6QuVZGmMRmedAaKGESpyAriXS0=",
        "owner": "numtide",
        "repo": "llm-agents.nix",
        "rev": "43aaac9b2e412795369ed4db1b38e0cd5ed29310",
        "type": "github"
      },
      "original": {
        "owner": "numtide",
        "repo": "llm-agents.nix",
        "type": "github"
      }
    },
    "nixpkgs": {
      "locked": {
        "lastModified": 1785967620,
        "narHash": "sha256-IItrdb7Puk05RqOBWZYFC5X6Wl1sJmCfh5MWVHw5iMM=",
        "owner": "nixos",
        "repo": "nixpkgs",
        "rev": "b7c2ada94fe99c15b0dbcf4d11fd7850b957a436",
        "type": "github"
      },
      "original": {
        "owner": "nixos",
        "ref": "nixos-unstable",
        "repo": "nixpkgs",
        "type": "github"
      }
    },
    "nixpkgs_2": {
      "locked": {
        "lastModified": 1790600678,
        "narHash": "sha256-6k3n7X2UsZ6tAlWTz99RimiZab+17tMUrw9sRUcELiA=",
        "owner": "NixOS",
        "repo": "nixpkgs",
        "rev": "f45c6f04c2f013f004bf94e284e95d72898d9393",
        "type": "github"
      },
      "original": {
        "owner": "NixOS",
        "ref": "nixpkgs-unstable",
        "repo": "nixpkgs",
        "type": "github"
      }
    },
    "nixpkgs_3": {
      "locked": {
        "lastModified": 1791260994,
        "narHash": "sha256-Miqqk/ammqnTUxaoCyvtwoPeLbI1ksFyLxi/CazZpWY=",
        "owner": "nixos",
        "repo": "nixpkgs",
        "rev": "151fa4e8ddfdd8dd25d945ad94ed54a13de9f6e4",
        "type": "github"
      },
      "original": {
        "owner": "nixos",
        "ref": "nixos-unstable",
        "repo": "nixpkgs",
        "type": "github"
      }
    },
    "nixpkgs_4": {
      "locked": {
        "lastModified": 1790822859,
        "narHash": "sha256-VBA0QerzzmL+4wxgtwiCdiLwLpJg2/9xOxhgO3BRJQA=",
        "rev": "c59305bab2065cfecc4944690d9eedbb56f3a9fa",
        "type": "tarball",
        "url": "https://releases.nixos.org/nixos/unstable/nixos-26.11pre1083223.c59305bab206/nixexprs.tar.zst"
      },
      "original": {
        "type": "tarball",
        "url": "https://channels.nixos.org/nixos-unstable/nixexprs.tar.zst"
      }
    },
    "noctalia": {
      "inputs": {
        "nixpkgs": "nixpkgs_4"
      },
      "locked": {
        "lastModified": 1791249451,
        "narHash": "sha256-ucUgpRWCvXd17/29C1rPYliLTz8mdNeOvsSGdtBGMAY=",
        "owner": "noctalia-dev",
        "repo": "noctalia",
        "rev": "4237bc286bb9db7fec8ba663bfc42779af9b1372",
        "type": "github"
      },
      "original": {
        "owner": "noctalia-dev",
        "ref": "cachix",
        "repo": "noctalia",
        "type": "github"
      }
    },
    "root": {
      "inputs": {
        "den": "den",
        "disko": "disko",
        "flake-file": "flake-file",
        "flake-parts": "flake-parts",
        "helium-browser": "helium-browser",
        "hjem": "hjem",
        "hjem-impure": "hjem-impure",
        "import-tree": "import-tree",
        "llm-agents": "llm-agents",
        "nixpkgs": "nixpkgs_3",
        "noctalia": "noctalia",
        "sops-nix": "sops-nix",
        "wallpkgs": "wallpkgs"
      }
    },
    "sops-nix": {
      "inputs": {
        "nixpkgs": [
          "nixpkgs"
        ]
      },
      "locked": {
        "lastModified": 1791103873,
        "narHash": "sha256-nFxM+pKoZ8LJAEnUXARyCaOAloWgaW9kZQOSjWzKcTE=",
        "owner": "Mic92",
        "repo": "sops-nix",
        "rev": "dcd241ba97088c22569d1573286e1b9daad340c0",
        "type": "github"
      },
      "original": {
        "owner": "Mic92",
        "repo": "sops-nix",
        "type": "github"
      }
    },
    "systems": {
      "locked": {
        "lastModified": 1791244623,
        "narHash": "sha256-uuanbkFk8a313Zfrxdcz8Us/yQtaxNnKJtX8v0ZPpd8=",
        "owner": "nix-systems",
        "repo": "default",
        "rev": "d36eeed142f88b5a636f2e3856a53c61654cf29b",
        "type": "github"
      },
      "original": {
        "owner": "nix-systems",
        "repo": "default",
        "type": "github"
      }
    },
    "treefmt-nix": {
      "inputs": {
        "nixpkgs": [
          "helium-browser",
          "nixpkgs"
        ]
      },
      "locked": {
        "lastModified": 1786901030,
        "narHash": "sha256-WSFCsDSE5ffgD2MqzkM2CYjeFiKhRF/dJUN8uedb6YE=",
        "owner": "numtide",
        "repo": "treefmt-nix",
        "rev": "27b3b12a8e6375f28ebe122f07d230ca5459bbfa",
        "type": "github"
      },
      "original": {
        "owner": "numtide",
        "repo": "treefmt-nix",
        "type": "github"
      }
    },
    "treefmt-nix_2": {
      "inputs": {
        "nixpkgs": [
          "llm-agents",
          "nixpkgs"
        ]
      },
      "locked": {
        "lastModified": 1791203292,
        "narHash": "sha256-vuzVwvjeucSnwKwMBpyP8r5IzdrMKCHEdwTrRFwUN7I=",
        "owner": "numtide",
        "repo": "treefmt-nix",
        "rev": "03d8ee1bcbc8f9638907bb79edb9673151d0e22b",
        "type": "github"
      },
      "original": {
        "owner": "numtide",
        "repo": "treefmt-nix",
        "type": "github"
      }
    },
    "wallpkgs": {
      "locked": {
        "lastModified": 1779053539,
        "narHash": "sha256-EQfScEeutDGzrZnD9gy5OyAwy3t2TUxkC0JwflbOD98=",
        "owner": "NotAShelf",
        "repo": "wallpkgs",
        "rev": "066caa0e504d642986dba696ae5350e4fc1f4f5b",
        "type": "github"
      },
      "original": {
        "owner": "NotAShelf",
        "repo": "wallpkgs",
        "type": "github"
      }
    }
  },
  "root": "root",
  "version": 7
}
