{
  "nodes": {
    "bun2nix": {
      "inputs": {
        "flake-parts": [
          "llm-agents",
          "flake-parts"
        ],
        "nixpkgs": [
          "llm-agents",
          "nixpkgs"
        ],
        "systems": [
          "llm-agents",
          "systems"
        ],
        "treefmt-nix": [
          "llm-agents",
          "treefmt-nix"
        ]
      },
      "locked": {
        "lastModified": 1790001035,
        "narHash": "sha256-1/SLBjSYBzDdDhvLQ83wrzBakyS/xNGgtxHGNuveOEQ=",
        "owner": "Mic92",
        "repo": "bun2nix",
        "rev": "07a5bfc8ac36c5370199343fa620b69f63186e33",
        "type": "github"
      },
      "original": {
        "owner": "Mic92",
        "ref": "llm-agents",
        "repo": "bun2nix",
        "type": "github"
      }
    },
    "den": {
      "locked": {
        "lastModified": 1790283496,
        "narHash": "sha256-QTPzBJpxfetqU3u29+tQev8SlAC6EaRvHks0+FHAclY=",
        "owner": "denful",
        "repo": "den",
        "rev": "37eb88ce28a9e42d5b367b967a9097030ff4f665",
        "type": "github"
      },
      "original": {
        "owner": "denful",
        "ref": "latest",
        "repo": "den",
        "type": "github"
      }
    },
    "disko": {
      "inputs": {
        "nixpkgs": [
          "nixpkgs"
        ]
      },
      "locked": {
        "lastModified": 1789770686,
        "narHash": "sha256-uZkBR7yHdIKUFB5SZdfgh1qkGfI3XmYmI/lTiquxbck=",
        "owner": "nix-community",
        "repo": "disko",
        "rev": "725ea35e410ad83be4931d1bff7e090eacaf3563",
        "type": "github"
      },
      "original": {
        "owner": "nix-community",
        "repo": "disko",
        "type": "github"
      }
    },
    "flake-file": {
      "locked": {
        "lastModified": 1790485366,
        "narHash": "sha256-viHKtslN6kMa+bKxge26uvtDSv1FtlHul/5I6MphjnA=",
        "owner": "vic",
        "repo": "flake-file",
        "rev": "de3e0fcfe03b1af5d36b95952f216ea9ba087c8a",
        "type": "github"
      },
      "original": {
        "owner": "vic",
        "repo": "flake-file",
        "type": "github"
      }
    },
    "flake-parts": {
      "inputs": {
        "nixpkgs-lib": [
          "nixpkgs"
        ]
      },
      "locked": {
        "lastModified": 1788450739,
        "narHash": "sha256-glZLQlzIn1fXH6PazR2iUmTo7kzzyYSshrWhLS9TqCU=",
        "owner": "hercules-ci",
        "repo": "flake-parts",
        "rev": "31729ca8cbdb4fa927b34e5f4353e6a83f39e993",
        "type": "github"
      },
      "original": {
        "owner": "hercules-ci",
        "repo": "flake-parts",
        "type": "github"
      }
    },
    "flake-parts_2": {
      "inputs": {
        "nixpkgs-lib": [
          "helium-browser",
          "nixpkgs"
        ]
      },
      "locked": {
        "lastModified": 1788450739,
        "narHash": "sha256-glZLQlzIn1fXH6PazR2iUmTo7kzzyYSshrWhLS9TqCU=",
        "owner": "hercules-ci",
        "repo": "flake-parts",
        "rev": "31729ca8cbdb4fa927b34e5f4353e6a83f39e993",
        "type": "github"
      },
      "original": {
        "owner": "hercules-ci",
        "repo": "flake-parts",
        "type": "github"
      }
    },
    "flake-parts_3": {
      "inputs": {
        "nixpkgs-lib": [
          "llm-agents",
          "nixpkgs"
        ]
      },
      "locked": {
        "lastModified": 1788450739,
        "narHash": "sha256-glZLQlzIn1fXH6PazR2iUmTo7kzzyYSshrWhLS9TqCU=",
        "owner": "hercules-ci",
        "repo": "flake-parts",
        "rev": "31729ca8cbdb4fa927b34e5f4353e6a83f39e993",
        "type": "github"
      },
      "original": {
        "owner": "hercules-ci",
        "repo": "flake-parts",
        "type": "github"
      }
    },
    "helium-browser": {
      "inputs": {
        "flake-parts": "flake-parts_2",
        "nixpkgs": [
          "nixpkgs"
        ],
        "treefmt-nix": "treefmt-nix"
      },
      "locked": {
        "lastModified": 1790468452,
        "narHash": "sha256-VTO5YCOTjlSJulIrBK8wANOI93TJ/IptdL0dL2bW5dM=",
        "owner": "ominit",
        "repo": "helium-browser-flake",
        "rev": "3e3e668acbf86a19eb136e87e6e258228c1c6d57",
        "type": "github"
      },
      "original": {
        "owner": "ominit",
        "repo": "helium-browser-flake",
        "type": "github"
      }
    },
    "hjem": {
      "inputs": {
        "nixpkgs": [
          "nixpkgs"
        ]
      },
      "locked": {
        "lastModified": 1790081753,
        "narHash": "sha256-tycoVCB2KSVdy9ERT1lJGHdP9Hf4FHanaEY25hUxylw=",
        "owner": "feel-co",
        "repo": "hjem",
        "rev": "cef02450f2c18a7e2b9297ea8d366f9a597254f7",
        "type": "github"
      },
      "original": {
        "owner": "feel-co",
        "repo": "hjem",
        "type": "github"
      }
    },
    "hjem-impure": {
      "inputs": {
        "hjem": "hjem_2",
        "nixpkgs": "nixpkgs"
      },
      "locked": {
        "lastModified": 1786164166,
        "narHash": "sha256-2S8BRs/a9ElePH7o7LSTib4t/oQ0p9sn/qjAP6BmTK8=",
        "owner": "Rexcrazy804",
        "repo": "hjem-impure",
        "rev": "206320fa7d060232f19c4d2831e66471d8e5d161",
        "type": "github"
      },
      "original": {
        "owner": "Rexcrazy804",
        "repo": "hjem-impure",
        "type": "github"
      }
    },
    "hjem_2": {
      "inputs": {
        "nixpkgs": [
          "hjem-impure",
          "nixpkgs"
        ]
      },
      "locked": {
        "lastModified": 1785929776,
        "narHash": "sha256-qwppDYdtxqtDpI1iSp7bs8prOJ0KQSvhJchfROD04f0=",
        "owner": "feel-co",
        "repo": "hjem",
        "rev": "b610953d0c56da6b28fd39c21bd193b88e91341c",
        "type": "github"
      },
      "original": {
        "owner": "feel-co",
        "repo": "hjem",
        "type": "github"
      }
    },
    "import-tree": {
      "locked": {
        "lastModified": 1788467110,
        "narHash": "sha256-ljEMTXP/rH0tOvDzc9gzwww6KcHRPRnEHzd9lK48V7s=",
        "owner": "vic",
        "repo": "import-tree",
        "rev": "eb1b52eaecc57f7c136d07ae8a93e724dfecac46",
        "type": "github"
      },
      "original": {
        "owner": "vic",
        "repo": "import-tree",
        "type": "github"
      }
    },
    "llm-agents": {
      "inputs": {
        "bun2nix": "bun2nix",
        "flake-parts": "flake-parts_3",
        "nixpkgs": "nixpkgs_2",
        "systems": "systems",
        "treefmt-nix": "treefmt-nix_2"
      },
      "locked": {
        "lastModified": 1790483176,
        "narHash": "sha256-bAidl4dz4pDwyposk362MTqdiGvtASnYaLRW4yqSYd0=",
        "owner": "numtide",
        "repo": "llm-agents.nix",
        "rev": "efb10f28f7242f0330eb06436a672473dc91a2a9",
        "type": "github"
      },
      "original": {
        "owner": "numtide",
        "repo": "llm-agents.nix",
        "type": "github"
      }
    },
    "nixpkgs": {
      "locked": {
        "lastModified": 1785967620,
        "narHash": "sha256-IItrdb7Puk05RqOBWZYFC5X6Wl1sJmCfh5MWVHw5iMM=",
        "owner": "nixos",
        "repo": "nixpkgs",
        "rev": "b7c2ada94fe99c15b0dbcf4d11fd7850b957a436",
        "type": "github"
      },
      "original": {
        "owner": "nixos",
        "ref": "nixos-unstable",
        "repo": "nixpkgs",
        "type": "github"
      }
    },
    "nixpkgs_2": {
      "locked": {
        "lastModified": 1790448801,
        "narHash": "sha256-nAq6wML4elZMHNi/29VVZSEnptPMSo9JwhacZnLVPZU=",
        "owner": "NixOS",
        "repo": "nixpkgs",
        "rev": "f9bce96a417afbb9c64725f8727e42efafeafc21",
        "type": "github"
      },
      "original": {
        "owner": "NixOS",
        "ref": "nixpkgs-unstable",
        "repo": "nixpkgs",
        "type": "github"
      }
    },
    "nixpkgs_3": {
      "locked": {
        "lastModified": 1790463110,
        "narHash": "sha256-hKlVl12B1dF0Q5vd9dY3lIJM5mFGWYSlXwSLAqHZ1+s=",
        "owner": "nixos",
        "repo": "nixpkgs",
        "rev": "e158d9ed9b51c98974c5e66e1ba1c9e0255fecaa",
        "type": "github"
      },
      "original": {
        "owner": "nixos",
        "ref": "nixos-unstable",
        "repo": "nixpkgs",
        "type": "github"
      }
    },
    "nixpkgs_4": {
      "locked": {
        "lastModified": 1790323409,
        "narHash": "sha256-m4DGo58Fza5ImOegtWOeE18nhpSO1IGzsVA6Lpsb4zw=",
        "rev": "e94cb152ed51bd6e24eb4a41f1460252beb52cd2",
        "type": "tarball",
        "url": "https://releases.nixos.org/nixos/unstable/nixos-26.11pre1079315.e94cb152ed51/nixexprs.tar.zst"
      },
      "original": {
        "type": "tarball",
        "url": "https://channels.nixos.org/nixos-unstable/nixexprs.tar.zst"
      }
    },
    "noctalia": {
      "inputs": {
        "nixpkgs": "nixpkgs_4"
      },
      "locked": {
        "lastModified": 1790523212,
        "narHash": "sha256-Z8SuI0YgAZaF0sumKPBF85PxPtTjpo8jvtphbgoITv8=",
        "owner": "noctalia-dev",
        "repo": "noctalia",
        "rev": "08c30392b1350b4f3d3fb77e23732560559f1638",
        "type": "github"
      },
      "original": {
        "owner": "noctalia-dev",
        "ref": "cachix",
        "repo": "noctalia",
        "type": "github"
      }
    },
    "root": {
      "inputs": {
        "den": "den",
        "disko": "disko",
        "flake-file": "flake-file",
        "flake-parts": "flake-parts",
        "helium-browser": "helium-browser",
        "hjem": "hjem",
        "hjem-impure": "hjem-impure",
        "import-tree": "import-tree",
        "llm-agents": "llm-agents",
        "nixpkgs": "nixpkgs_3",
        "noctalia": "noctalia",
        "sops-nix": "sops-nix",
        "wallpkgs": "wallpkgs"
      }
    },
    "sops-nix": {
      "inputs": {
        "nixpkgs": [
          "nixpkgs"
        ]
      },
      "locked": {
        "lastModified": 1790498116,
        "narHash": "sha256-rs9meAYxW3zzrh43yaW7htrqCD+X9+pupDPHN86fumI=",
        "owner": "Mic92",
        "repo": "sops-nix",
        "rev": "5efb5a6f4f5ab192817d28557dd4d650fa14d866",
        "type": "github"
      },
      "original": {
        "owner": "Mic92",
        "repo": "sops-nix",
        "type": "github"
      }
    },
    "systems": {
      "locked": {
        "lastModified": 1681028828,
        "narHash": "sha256-Vy1rq5AaRuLzOxct8nz4T6wlgyUR7zLU309k9mBC768=",
        "owner": "nix-systems",
        "repo": "default",
        "rev": "da67096a3b9bf56a91d16901293e51ba5b49a27e",
        "type": "github"
      },
      "original": {
        "owner": "nix-systems",
        "repo": "default",
        "type": "github"
      }
    },
    "treefmt-nix": {
      "inputs": {
        "nixpkgs": [
          "helium-browser",
          "nixpkgs"
        ]
      },
      "locked": {
        "lastModified": 1786901030,
        "narHash": "sha256-WSFCsDSE5ffgD2MqzkM2CYjeFiKhRF/dJUN8uedb6YE=",
        "owner": "numtide",
        "repo": "treefmt-nix",
        "rev": "27b3b12a8e6375f28ebe122f07d230ca5459bbfa",
        "type": "github"
      },
      "original": {
        "owner": "numtide",
        "repo": "treefmt-nix",
        "type": "github"
      }
    },
    "treefmt-nix_2": {
      "inputs": {
        "nixpkgs": [
          "llm-agents",
          "nixpkgs"
        ]
      },
      "locked": {
        "lastModified": 1786901030,
        "narHash": "sha256-WSFCsDSE5ffgD2MqzkM2CYjeFiKhRF/dJUN8uedb6YE=",
        "owner": "numtide",
        "repo": "treefmt-nix",
        "rev": "27b3b12a8e6375f28ebe122f07d230ca5459bbfa",
        "type": "github"
      },
      "original": {
        "owner": "numtide",
        "repo": "treefmt-nix",
        "type": "github"
      }
    },
    "wallpkgs": {
      "locked": {
        "lastModified": 1779053539,
        "narHash": "sha256-EQfScEeutDGzrZnD9gy5OyAwy3t2TUxkC0JwflbOD98=",
        "owner": "NotAShelf",
        "repo": "wallpkgs",
        "rev": "066caa0e504d642986dba696ae5350e4fc1f4f5b",
        "type": "github"
      },
      "original": {
        "owner": "NotAShelf",
        "repo": "wallpkgs",
        "type": "github"
      }
    }
  },
  "root": "root",
  "version": 7
}
